
Microsoft Visual Studio Solution File, Format Version 12.00
# Visual Studio 15
VisualStudioVersion = 15.0.28307.168
MinimumVisualStudioVersion = 10.0.40219.1
Project("{8BC9CEB8-8B4A-11D0-8D11-00A0C91BC942}") = "generate_mask_bat", "generate_mask_bat.vcxproj", "{75634DDF-F56D-3765-B911-A6B796836EBC}"
EndProject
Global
	GlobalSection(SolutionConfigurationPlatforms) = preSolution
		Debug|x64 = Debug|x64
		Release|x64 = Release|x64
	EndGlobalSection
	GlobalSection(ProjectConfigurationPlatforms) = postSolution
		{75634DDF-F56D-3765-B911-A6B796836EBC}.Debug|x64.ActiveCfg = Debug|x64
		{75634DDF-F56D-3765-B911-A6B796836EBC}.Debug|x64.Build.0 = Debug|x64
		{75634DDF-F56D-3765-B911-A6B796836EBC}.Release|x64.ActiveCfg = Release|x64
		{75634DDF-F56D-3765-B911-A6B796836EBC}.Release|x64.Build.0 = Release|x64
	EndGlobalSection
	GlobalSection(SolutionProperties) = preSolution
		HideSolutionNode = FALSE
	EndGlobalSection
	GlobalSection(ExtensibilityGlobals) = postSolution
		SolutionGuid = {8C04AD96-423A-4594-9D54-6BC18EAD0C7F}
	EndGlobalSection
EndGlobal
