
Microsoft Visual Studio Solution File, Format Version 12.00
# Visual Studio 15
VisualStudioVersion = 15.0.28010.0
MinimumVisualStudioVersion = 10.0.40219.1
Project("{8BC9CEB8-8B4A-11D0-8D11-00A0C91BC942}") = "geo_match", "geo_match.vcxproj", "{D02B04D7-877E-3646-B254-CB4B34A25F16}"
EndProject
Global
	GlobalSection(SolutionConfigurationPlatforms) = preSolution
		Debug|x64 = Debug|x64
		Release|x64 = Release|x64
	EndGlobalSection
	GlobalSection(ProjectConfigurationPlatforms) = postSolution
		{D02B04D7-877E-3646-B254-CB4B34A25F16}.Debug|x64.ActiveCfg = Debug|x64
		{D02B04D7-877E-3646-B254-CB4B34A25F16}.Debug|x64.Build.0 = Debug|x64
		{D02B04D7-877E-3646-B254-CB4B34A25F16}.Release|x64.ActiveCfg = Release|x64
		{D02B04D7-877E-3646-B254-CB4B34A25F16}.Release|x64.Build.0 = Release|x64
	EndGlobalSection
	GlobalSection(SolutionProperties) = preSolution
		HideSolutionNode = FALSE
	EndGlobalSection
	GlobalSection(ExtensibilityGlobals) = postSolution
		SolutionGuid = {80552CD1-0D79-4614-8AB7-15CA6DCE5862}
	EndGlobalSection
EndGlobal
