
Microsoft Visual Studio Solution File, Format Version 12.00
# Visual Studio 15
VisualStudioVersion = 15.0.28010.0
MinimumVisualStudioVersion = 10.0.40219.1
Project("{8BC9CEB8-8B4A-11D0-8D11-00A0C91BC942}") = "sample_label", "sample_label.vcxproj", "{3023C07B-E8CC-3A43-958A-CB430E3B1A64}"
EndProject
Global
	GlobalSection(SolutionConfigurationPlatforms) = preSolution
		Debug|x64 = Debug|x64
		Release|x64 = Release|x64
	EndGlobalSection
	GlobalSection(ProjectConfigurationPlatforms) = postSolution
		{3023C07B-E8CC-3A43-958A-CB430E3B1A64}.Debug|x64.ActiveCfg = Debug|x64
		{3023C07B-E8CC-3A43-958A-CB430E3B1A64}.Debug|x64.Build.0 = Debug|x64
		{3023C07B-E8CC-3A43-958A-CB430E3B1A64}.Release|x64.ActiveCfg = Release|x64
		{3023C07B-E8CC-3A43-958A-CB430E3B1A64}.Release|x64.Build.0 = Release|x64
	EndGlobalSection
	GlobalSection(SolutionProperties) = preSolution
		HideSolutionNode = FALSE
	EndGlobalSection
	GlobalSection(ExtensibilityGlobals) = postSolution
		SolutionGuid = {23CC1AD0-C283-415A-91E5-BD91C2899F7C}
	EndGlobalSection
EndGlobal
